
Microsoft Visual Studio Solution File, Format Version 12.00
# Visual Studio 15
VisualStudioVersion = 15.0.28307.705
MinimumVisualStudioVersion = 10.0.40219.1
Project("{FAE04EC0-301F-11D3-BF4B-00C04F79EFBC}") = "ManejoInventariosBD", "ManejoInventariosBD.csproj", "{38485615-25C2-4DA3-B659-860BCD0F39DD}"
EndProject
Global
	GlobalSection(SolutionConfigurationPlatforms) = preSolution
		Debug|Any CPU = Debug|Any CPU
		Debug|Default = Debug|Default
		Release|Any CPU = Release|Any CPU
		Release|Default = Release|Default
	EndGlobalSection
	GlobalSection(ProjectConfigurationPlatforms) = postSolution
		{38485615-25C2-4DA3-B659-860BCD0F39DD}.Debug|Any CPU.ActiveCfg = Debug|Any CPU
		{38485615-25C2-4DA3-B659-860BCD0F39DD}.Debug|Any CPU.Build.0 = Debug|Any CPU
		{38485615-25C2-4DA3-B659-860BCD0F39DD}.Debug|Default.ActiveCfg = Debug|Any CPU
		{38485615-25C2-4DA3-B659-860BCD0F39DD}.Debug|Default.Build.0 = Debug|Any CPU
		{38485615-25C2-4DA3-B659-860BCD0F39DD}.Release|Any CPU.ActiveCfg = Release|Any CPU
		{38485615-25C2-4DA3-B659-860BCD0F39DD}.Release|Any CPU.Build.0 = Release|Any CPU
		{38485615-25C2-4DA3-B659-860BCD0F39DD}.Release|Default.ActiveCfg = Release|Any CPU
		{38485615-25C2-4DA3-B659-860BCD0F39DD}.Release|Default.Build.0 = Release|Any CPU
	EndGlobalSection
	GlobalSection(SolutionProperties) = preSolution
		HideSolutionNode = FALSE
	EndGlobalSection
	GlobalSection(ExtensibilityGlobals) = postSolution
		SolutionGuid = {F7A5845A-1A86-4818-AE60-214670511373}
	EndGlobalSection
	GlobalSection(SolutionConfigurationPlatforms) = preSolution
		Debug|Any CPU = Debug|Any CPU
		Debug|Default = Debug|Default
		Release|Any CPU = Release|Any CPU
		Release|Default = Release|Default
	EndGlobalSection
EndGlobal
